{
  "name": "timemilliconverter",
  "version": "1.0.0",
  "lockfileVersion": 3,
  "requires": true,
  "packages": {
    "": {
      "name": "timemilliconverter",
      "version": "1.0.0",
      "license": "MIT",
      "dependencies": {
        "@types/timestring": "^6.0.2",
        "pretty-ms": "^8.0.0",
        "timestring": "^7.0.0"
      },
      "devDependencies": {
        "typescript": "^5.1.6"
      }
    },
    "node_modules/@types/timestring": {
      "version": "6.0.2",
      "resolved": "https://registry.npmjs.org/@types/timestring/-/timestring-6.0.2.tgz",
      "integrity": "sha512-JPDV0pPv2UtUrYyWpn/iBA7aDp1vOPYZrUL/9R4Dxrp1XIUrFnqkhN2EroLU0DLsMyN3iWg1vI1pqBNZ+8zxIg=="
    },
    "node_modules/parse-ms": {
      "version": "3.0.0",
      "resolved": "https://registry.npmjs.org/parse-ms/-/parse-ms-3.0.0.tgz",
      "integrity": "sha512-Tpb8Z7r7XbbtBTrM9UhpkzzaMrqA2VXMT3YChzYltwV3P3pM6t8wl7TvpMnSTosz1aQAdVib7kdoys7vYOPerw==",
      "engines": {
        "node": ">=12"
      },
      "funding": {
        "url": "https://github.com/sponsors/sindresorhus"
      }
    },
    "node_modules/pretty-ms": {
      "version": "8.0.0",
      "resolved": "https://registry.npmjs.org/pretty-ms/-/pretty-ms-8.0.0.tgz",
      "integrity": "sha512-ASJqOugUF1bbzI35STMBUpZqdfYKlJugy6JBziGi2EE+AL5JPJGSzvpeVXojxrr0ViUYoToUjb5kjSEGf7Y83Q==",
      "dependencies": {
        "parse-ms": "^3.0.0"
      },
      "engines": {
        "node": ">=14.16"
      },
      "funding": {
        "url": "https://github.com/sponsors/sindresorhus"
      }
    },
    "node_modules/timestring": {
      "version": "7.0.0",
      "resolved": "https://registry.npmjs.org/timestring/-/timestring-7.0.0.tgz",
      "integrity": "sha512-U7ttxEdKWqHYJ96OGoJJR5gU8Nwkl3tlY0n7Jr4vcpLD2RkVZLE1Ph9k8ZRrZ7LYX9QCtd3M9OUaR9P8Z37QNg==",
      "engines": {
        "node": ">=12"
      }
    },
    "node_modules/typescript": {
      "version": "5.1.6",
      "resolved": "https://registry.npmjs.org/typescript/-/typescript-5.1.6.tgz",
      "integrity": "sha512-zaWCozRZ6DLEWAWFrVDz1H6FVXzUSfTy5FUMWsQlU8Ym5JP9eO4xkTIROFCQvhQf61z6O/G6ugw3SgAnvvm+HA==",
      "dev": true,
      "bin": {
        "tsc": "bin/tsc",
        "tsserver": "bin/tsserver"
      },
      "engines": {
        "node": ">=14.17"
      }
    }
  }
}
